# requirements-api.lock — GENERATED by scripts/make_api_lock.py; do not edit by hand.
# Exact pins for the API runtime (closure of requirements-api.txt), identical to the
# training environment in requirements-lock.txt (docs/rules.md rule 21).
annotated-doc==0.0.5
annotated-types==0.8.0
anyio==4.15.1
click==8.5.0
cloudpickle==3.1.2
deprecated==1.3.1
fastapi==0.141.1
h11==0.16.0
httptools==0.8.0
idna==3.20
imbalanced-learn==0.14.2
joblib==1.6.0
limits==5.8.0
mypy-extensions==1.1.0
narwhals==2.26.0
numpy==2.4.6
packaging==26.3
pandas==3.0.6
pandera==0.33.1
pydantic==2.13.5
pydantic-core==2.46.5
python-dateutil==2.9.0.post0
python-dotenv==1.2.3
pyyaml==6.0.3
scikit-learn==1.9.1
scipy==1.17.1
six==1.17.0
sklearn-compat==0.1.6
slowapi==0.1.10
starlette==1.7.0
threadpoolctl==3.7.0
typeguard==4.6.0
typing-extensions==4.16.0
typing_inspect==0.9.0
typing-inspection==0.4.4
tzdata==2026.4 ; sys_platform == "win32"
uvicorn==0.53.0
watchfiles==1.3.0
websockets==17.1
wrapt==2.5.0
xgboost-cpu==3.2.0
# uvloop: required on linux only; not installed in the Windows build env, so NOT pinned
